
Microsoft Visual Studio Solution File, Format Version 12.00
# Visual Studio Version 17
VisualStudioVersion = 17.7.34024.191
MinimumVisualStudioVersion = 10.0.40219.1
Project("{FAE04EC0-301F-11D3-BF4B-00C04F79EFBC}") = "AttendanceV2", "AttendanceV2.csproj", "{27C4E00D-9D4F-485B-8BF2-C24C1D985E68}"
EndProject
Global
	GlobalSection(SolutionConfigurationPlatforms) = preSolution
		Debug|Any CPU = Debug|Any CPU
		Release|Any CPU = Release|Any CPU
	EndGlobalSection
	GlobalSection(ProjectConfigurationPlatforms) = postSolution
		{27C4E00D-9D4F-485B-8BF2-C24C1D985E68}.Debug|Any CPU.ActiveCfg = Debug|Any CPU
		{27C4E00D-9D4F-485B-8BF2-C24C1D985E68}.Debug|Any CPU.Build.0 = Debug|Any CPU
		{27C4E00D-9D4F-485B-8BF2-C24C1D985E68}.Release|Any CPU.ActiveCfg = Release|Any CPU
		{27C4E00D-9D4F-485B-8BF2-C24C1D985E68}.Release|Any CPU.Build.0 = Release|Any CPU
	EndGlobalSection
	GlobalSection(SolutionProperties) = preSolution
		HideSolutionNode = FALSE
	EndGlobalSection
	GlobalSection(ExtensibilityGlobals) = postSolution
		SolutionGuid = {6DB4FEDB-AAE0-44CF-9D02-99C563CE7E97}
	EndGlobalSection
EndGlobal
